
Microsoft Visual Studio Solution File, Format Version 12.00
# Visual Studio Version 16
VisualStudioVersion = 16.0.30907.101
MinimumVisualStudioVersion = 10.0.40219.1
Project("{FAE04EC0-301F-11D3-BF4B-00C04F79EFBC}") = "JDMallen.Base64Converter", "JDMallen.Base64Converter\JDMallen.Base64Converter.csproj", "{12A2BA87-41BF-4D57-8E88-881E7E0E2576}"
EndProject
Global
	GlobalSection(SolutionConfigurationPlatforms) = preSolution
		Debug|Any CPU = Debug|Any CPU
		Release|Any CPU = Release|Any CPU
	EndGlobalSection
	GlobalSection(ProjectConfigurationPlatforms) = postSolution
		{12A2BA87-41BF-4D57-8E88-881E7E0E2576}.Debug|Any CPU.ActiveCfg = Debug|Any CPU
		{12A2BA87-41BF-4D57-8E88-881E7E0E2576}.Debug|Any CPU.Build.0 = Debug|Any CPU
		{12A2BA87-41BF-4D57-8E88-881E7E0E2576}.Release|Any CPU.ActiveCfg = Release|Any CPU
		{12A2BA87-41BF-4D57-8E88-881E7E0E2576}.Release|Any CPU.Build.0 = Release|Any CPU
	EndGlobalSection
	GlobalSection(SolutionProperties) = preSolution
		HideSolutionNode = FALSE
	EndGlobalSection
	GlobalSection(ExtensibilityGlobals) = postSolution
		SolutionGuid = {DF948C2D-2EA4-4541-B884-6209621F5439}
	EndGlobalSection
EndGlobal
